<?xml version="1.0" encoding="utf-8"?>
<Project ToolsVersion="4.0" xmlns="http://schemas.microsoft.com/developer/msbuild/2003">
  <ItemGroup>
    <Filter Include="源文件">
      <UniqueIdentifier>{4FC737F1-C7A5-4376-A066-2A32D752A2FF}</UniqueIdentifier>
      <Extensions>cpp;c;cc;cxx;def;odl;idl;hpj;bat;asm;asmx</Extensions>
    </Filter>
    <Filter Include="头文件">
      <UniqueIdentifier>{93995380-89BD-4b04-88EB-625FBE52EBFB}</UniqueIdentifier>
      <Extensions>h;hh;hpp;hxx;hm;inl;inc;xsd</Extensions>
    </Filter>
    <Filter Include="资源文件">
      <UniqueIdentifier>{67DA6AB6-F800-4c08-8B7A-83BB121AAD01}</UniqueIdentifier>
      <Extensions>rc;ico;cur;bmp;dlg;rc2;rct;bin;rgs;gif;jpg;jpeg;jpe;resx;tiff;tif;png;wav;mfcribbon-ms</Extensions>
    </Filter>
    <Filter Include="memos">
      <UniqueIdentifier>{f6404b33-3d0c-4a64-ab65-f783573bc4c8}</UniqueIdentifier>
    </Filter>
    <Filter Include="map_data">
      <UniqueIdentifier>{3d930e0e-e0bd-43ed-b5cc-2e68db5f1a07}</UniqueIdentifier>
    </Filter>
    <Filter Include="algorithm">
      <UniqueIdentifier>{c9e16061-ef2d-4117-95f1-d9badc19f06f}</UniqueIdentifier>
    </Filter>
  </ItemGroup>
  <ItemGroup>
    <ClInclude Include="display.h">
      <Filter>头文件</Filter>
    </ClInclude>
    <ClInclude Include="draw_util.h">
      <Filter>头文件</Filter>
    </ClInclude>
    <ClInclude Include="edge_cluster_edge.h">
      <Filter>头文件</Filter>
    </ClInclude>
    <ClInclude Include="edge_cluster_graph.h">
      <Filter>头文件</Filter>
    </ClInclude>
    <ClInclude Include="edge_cluster_node.h">
      <Filter>头文件</Filter>
    </ClInclude>
    <ClInclude Include="graph.h">
      <Filter>头文件</Filter>
    </ClInclude>
    <ClInclude Include="graph_edge.h">
      <Filter>头文件</Filter>
    </ClInclude>
    <ClInclude Include="graph_node.h">
      <Filter>头文件</Filter>
    </ClInclude>
    <ClInclude Include="lbs_user.h">
      <Filter>头文件</Filter>
    </ClInclude>
    <ClInclude Include="poi.h">
      <Filter>头文件</Filter>
    </ClInclude>
    <ClInclude Include="random_generator.h">
      <Filter>头文件</Filter>
    </ClInclude>
    <ClInclude Include="lpp_algorithm\sa.h">
      <Filter>algorithm</Filter>
    </ClInclude>
    <ClInclude Include="lpp_algorithm\plpca.h">
      <Filter>algorithm</Filter>
    </ClInclude>
    <ClInclude Include="lpp_algorithm\ecf.h">
      <Filter>algorithm</Filter>
    </ClInclude>
    <ClInclude Include="memos\io_redirection.txt">
      <Filter>memos</Filter>
    </ClInclude>
    <ClInclude Include="lpp_algorithm\sa_enhanced.h">
      <Filter>algorithm</Filter>
    </ClInclude>
    <ClInclude Include="lpp_algorithm\ec_sae.h">
      <Filter>algorithm</Filter>
    </ClInclude>
    <ClInclude Include="util.h">
      <Filter>头文件</Filter>
    </ClInclude>
  </ItemGroup>
  <ItemGroup>
    <ClCompile Include="main.cpp">
      <Filter>源文件</Filter>
    </ClCompile>
  </ItemGroup>
  <ItemGroup>
    <EmbeddedResource Include="display.resx">
      <Filter>资源文件</Filter>
    </EmbeddedResource>
  </ItemGroup>
  <ItemGroup>
    <Text Include="memos\experiment_setting.txt">
      <Filter>memos</Filter>
    </Text>
    <Text Include="memos\map_info.txt">
      <Filter>memos</Filter>
    </Text>
    <Text Include="map_data\oldenburgGen_edge.txt">
      <Filter>map_data</Filter>
    </Text>
    <Text Include="map_data\oldenburgGen_node.txt">
      <Filter>map_data</Filter>
    </Text>
    <Text Include="map_data\sanfrancisco_edge.txt">
      <Filter>map_data</Filter>
    </Text>
    <Text Include="map_data\sanfrancisco_node.txt">
      <Filter>map_data</Filter>
    </Text>
    <Text Include="lpp_algorithm\out1.txt">
      <Filter>algorithm</Filter>
    </Text>
    <Text Include="map_data\graph_config_oldenburgGen.txt">
      <Filter>map_data</Filter>
    </Text>
    <Text Include="map_data\graph_config_sanfrancisco.txt">
      <Filter>map_data</Filter>
    </Text>
  </ItemGroup>
</Project>